
Microsoft Visual Studio Solution File, Format Version 12.00
# Visual Studio Version 17
VisualStudioVersion = 17.7.34221.43
MinimumVisualStudioVersion = 10.0.40219.1
Project("{FAE04EC0-301F-11D3-BF4B-00C04F79EFBC}") = "ClassWorkArrays", "ClassWorkArrays.csproj", "{E7717D2D-8FAF-4A99-89D8-1076922B6F49}"
EndProject
Global
	GlobalSection(SolutionConfigurationPlatforms) = preSolution
		Debug|Any CPU = Debug|Any CPU
		Release|Any CPU = Release|Any CPU
	EndGlobalSection
	GlobalSection(ProjectConfigurationPlatforms) = postSolution
		{E7717D2D-8FAF-4A99-89D8-1076922B6F49}.Debug|Any CPU.ActiveCfg = Debug|Any CPU
		{E7717D2D-8FAF-4A99-89D8-1076922B6F49}.Debug|Any CPU.Build.0 = Debug|Any CPU
		{E7717D2D-8FAF-4A99-89D8-1076922B6F49}.Release|Any CPU.ActiveCfg = Release|Any CPU
		{E7717D2D-8FAF-4A99-89D8-1076922B6F49}.Release|Any CPU.Build.0 = Release|Any CPU
	EndGlobalSection
	GlobalSection(SolutionProperties) = preSolution
		HideSolutionNode = FALSE
	EndGlobalSection
	GlobalSection(ExtensibilityGlobals) = postSolution
		SolutionGuid = {A86BA052-C354-4F47-9FE4-4E14AFEC1F7C}
	EndGlobalSection
EndGlobal
